
Microsoft Visual Studio Solution File, Format Version 12.00
# Visual Studio Version 17
VisualStudioVersion = 17.0.31903.59
MinimumVisualStudioVersion = 10.0.40219.1
Project("{2150E333-8FDC-42A3-9474-1A3956D46DE8}") = "src", "src", "{C272E815-6274-4ADC-93FE-546A961A864B}"
EndProject
Project("{FAE04EC0-301F-11D3-BF4B-00C04F79EFBC}") = "Plataforma.Domain", "src\Plataforma.Domain\Plataforma.Domain.csproj", "{C36D5F13-7D6E-4567-9C4A-2E7EDBD58FE3}"
EndProject
Project("{FAE04EC0-301F-11D3-BF4B-00C04F79EFBC}") = "Plataforma.Application", "src\Plataforma.Application\Plataforma.Application.csproj", "{21C62E9D-63E6-4545-B507-3173EFDC7086}"
EndProject
Project("{FAE04EC0-301F-11D3-BF4B-00C04F79EFBC}") = "Plataforma.Infrastructure", "src\Plataforma.Infrastructure\Plataforma.Infrastructure.csproj", "{079F11E4-F69A-4C9F-8FB3-8CCE7C75CE46}"
EndProject
Project("{FAE04EC0-301F-11D3-BF4B-00C04F79EFBC}") = "Plataforma.Api", "src\Plataforma.Api\Plataforma.Api.csproj", "{27513972-A238-486D-A8BE-DAD2F75D6899}"
EndProject
Project("{2150E333-8FDC-42A3-9474-1A3956D46DE8}") = "tests", "tests", "{D8408F47-CAFB-4DC5-B8EF-23EF1C5A8217}"
EndProject
Project("{FAE04EC0-301F-11D3-BF4B-00C04F79EFBC}") = "Plataforma.Contract.Tests", "tests\Plataforma.Contract.Tests\Plataforma.Contract.Tests.csproj", "{50F666FB-46C5-4209-8278-0DAE048B05BC}"
EndProject
Global
	GlobalSection(SolutionConfigurationPlatforms) = preSolution
		Debug|Any CPU = Debug|Any CPU
		Release|Any CPU = Release|Any CPU
	EndGlobalSection
	GlobalSection(SolutionProperties) = preSolution
		HideSolutionNode = FALSE
	EndGlobalSection
	GlobalSection(ProjectConfigurationPlatforms) = postSolution
		{C36D5F13-7D6E-4567-9C4A-2E7EDBD58FE3}.Debug|Any CPU.ActiveCfg = Debug|Any CPU
		{C36D5F13-7D6E-4567-9C4A-2E7EDBD58FE3}.Debug|Any CPU.Build.0 = Debug|Any CPU
		{C36D5F13-7D6E-4567-9C4A-2E7EDBD58FE3}.Release|Any CPU.ActiveCfg = Release|Any CPU
		{C36D5F13-7D6E-4567-9C4A-2E7EDBD58FE3}.Release|Any CPU.Build.0 = Release|Any CPU
		{21C62E9D-63E6-4545-B507-3173EFDC7086}.Debug|Any CPU.ActiveCfg = Debug|Any CPU
		{21C62E9D-63E6-4545-B507-3173EFDC7086}.Debug|Any CPU.Build.0 = Debug|Any CPU
		{21C62E9D-63E6-4545-B507-3173EFDC7086}.Release|Any CPU.ActiveCfg = Release|Any CPU
		{21C62E9D-63E6-4545-B507-3173EFDC7086}.Release|Any CPU.Build.0 = Release|Any CPU
		{079F11E4-F69A-4C9F-8FB3-8CCE7C75CE46}.Debug|Any CPU.ActiveCfg = Debug|Any CPU
		{079F11E4-F69A-4C9F-8FB3-8CCE7C75CE46}.Debug|Any CPU.Build.0 = Debug|Any CPU
		{079F11E4-F69A-4C9F-8FB3-8CCE7C75CE46}.Release|Any CPU.ActiveCfg = Release|Any CPU
		{079F11E4-F69A-4C9F-8FB3-8CCE7C75CE46}.Release|Any CPU.Build.0 = Release|Any CPU
		{27513972-A238-486D-A8BE-DAD2F75D6899}.Debug|Any CPU.ActiveCfg = Debug|Any CPU
		{27513972-A238-486D-A8BE-DAD2F75D6899}.Debug|Any CPU.Build.0 = Debug|Any CPU
		{27513972-A238-486D-A8BE-DAD2F75D6899}.Release|Any CPU.ActiveCfg = Release|Any CPU
		{27513972-A238-486D-A8BE-DAD2F75D6899}.Release|Any CPU.Build.0 = Release|Any CPU
		{50F666FB-46C5-4209-8278-0DAE048B05BC}.Debug|Any CPU.ActiveCfg = Debug|Any CPU
		{50F666FB-46C5-4209-8278-0DAE048B05BC}.Debug|Any CPU.Build.0 = Debug|Any CPU
		{50F666FB-46C5-4209-8278-0DAE048B05BC}.Release|Any CPU.ActiveCfg = Release|Any CPU
		{50F666FB-46C5-4209-8278-0DAE048B05BC}.Release|Any CPU.Build.0 = Release|Any CPU
	EndGlobalSection
	GlobalSection(NestedProjects) = preSolution
		{C36D5F13-7D6E-4567-9C4A-2E7EDBD58FE3} = {C272E815-6274-4ADC-93FE-546A961A864B}
		{21C62E9D-63E6-4545-B507-3173EFDC7086} = {C272E815-6274-4ADC-93FE-546A961A864B}
		{079F11E4-F69A-4C9F-8FB3-8CCE7C75CE46} = {C272E815-6274-4ADC-93FE-546A961A864B}
		{27513972-A238-486D-A8BE-DAD2F75D6899} = {C272E815-6274-4ADC-93FE-546A961A864B}
		{50F666FB-46C5-4209-8278-0DAE048B05BC} = {D8408F47-CAFB-4DC5-B8EF-23EF1C5A8217}
	EndGlobalSection
EndGlobal
